
Microsoft Visual Studio Solution File, Format Version 12.00
# Visual Studio 15
VisualStudioVersion = 15.0.26730.16
MinimumVisualStudioVersion = 10.0.40219.1
Project("{FAE04EC0-301F-11D3-BF4B-00C04F79EFBC}") = "Contactos8.Android", "Contactos8\Contactos8.Android\Contactos8.Android.csproj", "{B48C95C8-7E12-425A-8C66-B18BF8477592}"
EndProject
Project("{FAE04EC0-301F-11D3-BF4B-00C04F79EFBC}") = "Contactos8", "Contactos8\Contactos8\Contactos8.csproj", "{D1CDFEF2-9969-436A-8DC4-DC67A369318C}"
EndProject
Project("{FAE04EC0-301F-11D3-BF4B-00C04F79EFBC}") = "Contactos8.iOS", "Contactos8\Contactos8.iOS\Contactos8.iOS.csproj", "{FF3D7790-64E9-4E92-89A9-D46C695399CC}"
EndProject
Project("{FAE04EC0-301F-11D3-BF4B-00C04F79EFBC}") = "Contactos8.Domain", "Contactos8.Domain\Contactos8.Domain.csproj", "{F5A7A02B-B4A8-4089-BD67-C1EDF86D30E3}"
EndProject
Project("{FAE04EC0-301F-11D3-BF4B-00C04F79EFBC}") = "Contactos8.Backend", "Contactos8.Backend\Contactos8.Backend.csproj", "{660580B4-90A6-46B9-A803-81C960A588A3}"
EndProject
Project("{FAE04EC0-301F-11D3-BF4B-00C04F79EFBC}") = "Contactos8.Api", "Contactos8.Api\Contactos8.Api.csproj", "{4BA2DC31-97B4-4DD7-841D-D75A76B77749}"
EndProject
Global
	GlobalSection(SolutionConfigurationPlatforms) = preSolution
		Ad-Hoc|Any CPU = Ad-Hoc|Any CPU
		Ad-Hoc|iPhone = Ad-Hoc|iPhone
		Ad-Hoc|iPhoneSimulator = Ad-Hoc|iPhoneSimulator
		AppStore|Any CPU = AppStore|Any CPU
		AppStore|iPhone = AppStore|iPhone
		AppStore|iPhoneSimulator = AppStore|iPhoneSimulator
		Debug|Any CPU = Debug|Any CPU
		Debug|iPhone = Debug|iPhone
		Debug|iPhoneSimulator = Debug|iPhoneSimulator
		Release|Any CPU = Release|Any CPU
		Release|iPhone = Release|iPhone
		Release|iPhoneSimulator = Release|iPhoneSimulator
	EndGlobalSection
	GlobalSection(ProjectConfigurationPlatforms) = postSolution
		{B48C95C8-7E12-425A-8C66-B18BF8477592}.Ad-Hoc|Any CPU.ActiveCfg = Release|Any CPU
		{B48C95C8-7E12-425A-8C66-B18BF8477592}.Ad-Hoc|Any CPU.Build.0 = Release|Any CPU
		{B48C95C8-7E12-425A-8C66-B18BF8477592}.Ad-Hoc|Any CPU.Deploy.0 = Release|Any CPU
		{B48C95C8-7E12-425A-8C66-B18BF8477592}.Ad-Hoc|iPhone.ActiveCfg = Release|Any CPU
		{B48C95C8-7E12-425A-8C66-B18BF8477592}.Ad-Hoc|iPhone.Build.0 = Release|Any CPU
		{B48C95C8-7E12-425A-8C66-B18BF8477592}.Ad-Hoc|iPhone.Deploy.0 = Release|Any CPU
		{B48C95C8-7E12-425A-8C66-B18BF8477592}.Ad-Hoc|iPhoneSimulator.ActiveCfg = Release|Any CPU
		{B48C95C8-7E12-425A-8C66-B18BF8477592}.Ad-Hoc|iPhoneSimulator.Build.0 = Release|Any CPU
		{B48C95C8-7E12-425A-8C66-B18BF8477592}.Ad-Hoc|iPhoneSimulator.Deploy.0 = Release|Any CPU
		{B48C95C8-7E12-425A-8C66-B18BF8477592}.AppStore|Any CPU.ActiveCfg = Release|Any CPU
		{B48C95C8-7E12-425A-8C66-B18BF8477592}.AppStore|Any CPU.Build.0 = Release|Any CPU
		{B48C95C8-7E12-425A-8C66-B18BF8477592}.AppStore|Any CPU.Deploy.0 = Release|Any CPU
		{B48C95C8-7E12-425A-8C66-B18BF8477592}.AppStore|iPhone.ActiveCfg = Release|Any CPU
		{B48C95C8-7E12-425A-8C66-B18BF8477592}.AppStore|iPhone.Build.0 = Release|Any CPU
		{B48C95C8-7E12-425A-8C66-B18BF8477592}.AppStore|iPhone.Deploy.0 = Release|Any CPU
		{B48C95C8-7E12-425A-8C66-B18BF8477592}.AppStore|iPhoneSimulator.ActiveCfg = Release|Any CPU
		{B48C95C8-7E12-425A-8C66-B18BF8477592}.AppStore|iPhoneSimulator.Build.0 = Release|Any CPU
		{B48C95C8-7E12-425A-8C66-B18BF8477592}.AppStore|iPhoneSimulator.Deploy.0 = Release|Any CPU
		{B48C95C8-7E12-425A-8C66-B18BF8477592}.Debug|Any CPU.ActiveCfg = Debug|Any CPU
		{B48C95C8-7E12-425A-8C66-B18BF8477592}.Debug|Any CPU.Build.0 = Debug|Any CPU
		{B48C95C8-7E12-425A-8C66-B18BF8477592}.Debug|Any CPU.Deploy.0 = Debug|Any CPU
		{B48C95C8-7E12-425A-8C66-B18BF8477592}.Debug|iPhone.ActiveCfg = Debug|Any CPU
		{B48C95C8-7E12-425A-8C66-B18BF8477592}.Debug|iPhone.Build.0 = Debug|Any CPU
		{B48C95C8-7E12-425A-8C66-B18BF8477592}.Debug|iPhone.Deploy.0 = Debug|Any CPU
		{B48C95C8-7E12-425A-8C66-B18BF8477592}.Debug|iPhoneSimulator.ActiveCfg = Debug|Any CPU
		{B48C95C8-7E12-425A-8C66-B18BF8477592}.Debug|iPhoneSimulator.Build.0 = Debug|Any CPU
		{B48C95C8-7E12-425A-8C66-B18BF8477592}.Debug|iPhoneSimulator.Deploy.0 = Debug|Any CPU
		{B48C95C8-7E12-425A-8C66-B18BF8477592}.Release|Any CPU.ActiveCfg = Release|Any CPU
		{B48C95C8-7E12-425A-8C66-B18BF8477592}.Release|Any CPU.Build.0 = Release|Any CPU
		{B48C95C8-7E12-425A-8C66-B18BF8477592}.Release|Any CPU.Deploy.0 = Release|Any CPU
		{B48C95C8-7E12-425A-8C66-B18BF8477592}.Release|iPhone.ActiveCfg = Release|Any CPU
		{B48C95C8-7E12-425A-8C66-B18BF8477592}.Release|iPhone.Build.0 = Release|Any CPU
		{B48C95C8-7E12-425A-8C66-B18BF8477592}.Release|iPhone.Deploy.0 = Release|Any CPU
		{B48C95C8-7E12-425A-8C66-B18BF8477592}.Release|iPhoneSimulator.ActiveCfg = Release|Any CPU
		{B48C95C8-7E12-425A-8C66-B18BF8477592}.Release|iPhoneSimulator.Build.0 = Release|Any CPU
		{B48C95C8-7E12-425A-8C66-B18BF8477592}.Release|iPhoneSimulator.Deploy.0 = Release|Any CPU
		{D1CDFEF2-9969-436A-8DC4-DC67A369318C}.Ad-Hoc|Any CPU.ActiveCfg = Release|Any CPU
		{D1CDFEF2-9969-436A-8DC4-DC67A369318C}.Ad-Hoc|Any CPU.Build.0 = Release|Any CPU
		{D1CDFEF2-9969-436A-8DC4-DC67A369318C}.Ad-Hoc|iPhone.ActiveCfg = Release|Any CPU
		{D1CDFEF2-9969-436A-8DC4-DC67A369318C}.Ad-Hoc|iPhone.Build.0 = Release|Any CPU
		{D1CDFEF2-9969-436A-8DC4-DC67A369318C}.Ad-Hoc|iPhoneSimulator.ActiveCfg = Release|Any CPU
		{D1CDFEF2-9969-436A-8DC4-DC67A369318C}.Ad-Hoc|iPhoneSimulator.Build.0 = Release|Any CPU
		{D1CDFEF2-9969-436A-8DC4-DC67A369318C}.AppStore|Any CPU.ActiveCfg = Release|Any CPU
		{D1CDFEF2-9969-436A-8DC4-DC67A369318C}.AppStore|Any CPU.Build.0 = Release|Any CPU
		{D1CDFEF2-9969-436A-8DC4-DC67A369318C}.AppStore|iPhone.ActiveCfg = Release|Any CPU
		{D1CDFEF2-9969-436A-8DC4-DC67A369318C}.AppStore|iPhone.Build.0 = Release|Any CPU
		{D1CDFEF2-9969-436A-8DC4-DC67A369318C}.AppStore|iPhoneSimulator.ActiveCfg = Release|Any CPU
		{D1CDFEF2-9969-436A-8DC4-DC67A369318C}.AppStore|iPhoneSimulator.Build.0 = Release|Any CPU
		{D1CDFEF2-9969-436A-8DC4-DC67A369318C}.Debug|Any CPU.ActiveCfg = Debug|Any CPU
		{D1CDFEF2-9969-436A-8DC4-DC67A369318C}.Debug|Any CPU.Build.0 = Debug|Any CPU
		{D1CDFEF2-9969-436A-8DC4-DC67A369318C}.Debug|iPhone.ActiveCfg = Debug|Any CPU
		{D1CDFEF2-9969-436A-8DC4-DC67A369318C}.Debug|iPhone.Build.0 = Debug|Any CPU
		{D1CDFEF2-9969-436A-8DC4-DC67A369318C}.Debug|iPhoneSimulator.ActiveCfg = Debug|Any CPU
		{D1CDFEF2-9969-436A-8DC4-DC67A369318C}.Debug|iPhoneSimulator.Build.0 = Debug|Any CPU
		{D1CDFEF2-9969-436A-8DC4-DC67A369318C}.Release|Any CPU.ActiveCfg = Release|Any CPU
		{D1CDFEF2-9969-436A-8DC4-DC67A369318C}.Release|Any CPU.Build.0 = Release|Any CPU
		{D1CDFEF2-9969-436A-8DC4-DC67A369318C}.Release|iPhone.ActiveCfg = Release|Any CPU
		{D1CDFEF2-9969-436A-8DC4-DC67A369318C}.Release|iPhone.Build.0 = Release|Any CPU
		{D1CDFEF2-9969-436A-8DC4-DC67A369318C}.Release|iPhoneSimulator.ActiveCfg = Release|Any CPU
		{D1CDFEF2-9969-436A-8DC4-DC67A369318C}.Release|iPhoneSimulator.Build.0 = Release|Any CPU
		{FF3D7790-64E9-4E92-89A9-D46C695399CC}.Ad-Hoc|Any CPU.ActiveCfg = Ad-Hoc|iPhone
		{FF3D7790-64E9-4E92-89A9-D46C695399CC}.Ad-Hoc|iPhone.ActiveCfg = Ad-Hoc|iPhone
		{FF3D7790-64E9-4E92-89A9-D46C695399CC}.Ad-Hoc|iPhone.Build.0 = Ad-Hoc|iPhone
		{FF3D7790-64E9-4E92-89A9-D46C695399CC}.Ad-Hoc|iPhoneSimulator.ActiveCfg = Ad-Hoc|iPhoneSimulator
		{FF3D7790-64E9-4E92-89A9-D46C695399CC}.Ad-Hoc|iPhoneSimulator.Build.0 = Ad-Hoc|iPhoneSimulator
		{FF3D7790-64E9-4E92-89A9-D46C695399CC}.AppStore|Any CPU.ActiveCfg = AppStore|iPhone
		{FF3D7790-64E9-4E92-89A9-D46C695399CC}.AppStore|iPhone.ActiveCfg = AppStore|iPhone
		{FF3D7790-64E9-4E92-89A9-D46C695399CC}.AppStore|iPhone.Build.0 = AppStore|iPhone
		{FF3D7790-64E9-4E92-89A9-D46C695399CC}.AppStore|iPhoneSimulator.ActiveCfg = AppStore|iPhoneSimulator
		{FF3D7790-64E9-4E92-89A9-D46C695399CC}.AppStore|iPhoneSimulator.Build.0 = AppStore|iPhoneSimulator
		{FF3D7790-64E9-4E92-89A9-D46C695399CC}.Debug|Any CPU.ActiveCfg = Debug|iPhone
		{FF3D7790-64E9-4E92-89A9-D46C695399CC}.Debug|iPhone.ActiveCfg = Debug|iPhone
		{FF3D7790-64E9-4E92-89A9-D46C695399CC}.Debug|iPhone.Build.0 = Debug|iPhone
		{FF3D7790-64E9-4E92-89A9-D46C695399CC}.Debug|iPhoneSimulator.ActiveCfg = Debug|iPhoneSimulator
		{FF3D7790-64E9-4E92-89A9-D46C695399CC}.Debug|iPhoneSimulator.Build.0 = Debug|iPhoneSimulator
		{FF3D7790-64E9-4E92-89A9-D46C695399CC}.Release|Any CPU.ActiveCfg = Release|iPhone
		{FF3D7790-64E9-4E92-89A9-D46C695399CC}.Release|iPhone.ActiveCfg = Release|iPhone
		{FF3D7790-64E9-4E92-89A9-D46C695399CC}.Release|iPhone.Build.0 = Release|iPhone
		{FF3D7790-64E9-4E92-89A9-D46C695399CC}.Release|iPhoneSimulator.ActiveCfg = Release|iPhoneSimulator
		{FF3D7790-64E9-4E92-89A9-D46C695399CC}.Release|iPhoneSimulator.Build.0 = Release|iPhoneSimulator
		{F5A7A02B-B4A8-4089-BD67-C1EDF86D30E3}.Ad-Hoc|Any CPU.ActiveCfg = Release|Any CPU
		{F5A7A02B-B4A8-4089-BD67-C1EDF86D30E3}.Ad-Hoc|Any CPU.Build.0 = Release|Any CPU
		{F5A7A02B-B4A8-4089-BD67-C1EDF86D30E3}.Ad-Hoc|iPhone.ActiveCfg = Release|Any CPU
		{F5A7A02B-B4A8-4089-BD67-C1EDF86D30E3}.Ad-Hoc|iPhone.Build.0 = Release|Any CPU
		{F5A7A02B-B4A8-4089-BD67-C1EDF86D30E3}.Ad-Hoc|iPhoneSimulator.ActiveCfg = Release|Any CPU
		{F5A7A02B-B4A8-4089-BD67-C1EDF86D30E3}.Ad-Hoc|iPhoneSimulator.Build.0 = Release|Any CPU
		{F5A7A02B-B4A8-4089-BD67-C1EDF86D30E3}.AppStore|Any CPU.ActiveCfg = Release|Any CPU
		{F5A7A02B-B4A8-4089-BD67-C1EDF86D30E3}.AppStore|Any CPU.Build.0 = Release|Any CPU
		{F5A7A02B-B4A8-4089-BD67-C1EDF86D30E3}.AppStore|iPhone.ActiveCfg = Release|Any CPU
		{F5A7A02B-B4A8-4089-BD67-C1EDF86D30E3}.AppStore|iPhone.Build.0 = Release|Any CPU
		{F5A7A02B-B4A8-4089-BD67-C1EDF86D30E3}.AppStore|iPhoneSimulator.ActiveCfg = Release|Any CPU
		{F5A7A02B-B4A8-4089-BD67-C1EDF86D30E3}.AppStore|iPhoneSimulator.Build.0 = Release|Any CPU
		{F5A7A02B-B4A8-4089-BD67-C1EDF86D30E3}.Debug|Any CPU.ActiveCfg = Debug|Any CPU
		{F5A7A02B-B4A8-4089-BD67-C1EDF86D30E3}.Debug|Any CPU.Build.0 = Debug|Any CPU
		{F5A7A02B-B4A8-4089-BD67-C1EDF86D30E3}.Debug|iPhone.ActiveCfg = Debug|Any CPU
		{F5A7A02B-B4A8-4089-BD67-C1EDF86D30E3}.Debug|iPhone.Build.0 = Debug|Any CPU
		{F5A7A02B-B4A8-4089-BD67-C1EDF86D30E3}.Debug|iPhoneSimulator.ActiveCfg = Debug|Any CPU
		{F5A7A02B-B4A8-4089-BD67-C1EDF86D30E3}.Debug|iPhoneSimulator.Build.0 = Debug|Any CPU
		{F5A7A02B-B4A8-4089-BD67-C1EDF86D30E3}.Release|Any CPU.ActiveCfg = Release|Any CPU
		{F5A7A02B-B4A8-4089-BD67-C1EDF86D30E3}.Release|Any CPU.Build.0 = Release|Any CPU
		{F5A7A02B-B4A8-4089-BD67-C1EDF86D30E3}.Release|iPhone.ActiveCfg = Release|Any CPU
		{F5A7A02B-B4A8-4089-BD67-C1EDF86D30E3}.Release|iPhone.Build.0 = Release|Any CPU
		{F5A7A02B-B4A8-4089-BD67-C1EDF86D30E3}.Release|iPhoneSimulator.ActiveCfg = Release|Any CPU
		{F5A7A02B-B4A8-4089-BD67-C1EDF86D30E3}.Release|iPhoneSimulator.Build.0 = Release|Any CPU
		{660580B4-90A6-46B9-A803-81C960A588A3}.Ad-Hoc|Any CPU.ActiveCfg = Release|Any CPU
		{660580B4-90A6-46B9-A803-81C960A588A3}.Ad-Hoc|Any CPU.Build.0 = Release|Any CPU
		{660580B4-90A6-46B9-A803-81C960A588A3}.Ad-Hoc|iPhone.ActiveCfg = Release|Any CPU
		{660580B4-90A6-46B9-A803-81C960A588A3}.Ad-Hoc|iPhone.Build.0 = Release|Any CPU
		{660580B4-90A6-46B9-A803-81C960A588A3}.Ad-Hoc|iPhoneSimulator.ActiveCfg = Release|Any CPU
		{660580B4-90A6-46B9-A803-81C960A588A3}.Ad-Hoc|iPhoneSimulator.Build.0 = Release|Any CPU
		{660580B4-90A6-46B9-A803-81C960A588A3}.AppStore|Any CPU.ActiveCfg = Release|Any CPU
		{660580B4-90A6-46B9-A803-81C960A588A3}.AppStore|Any CPU.Build.0 = Release|Any CPU
		{660580B4-90A6-46B9-A803-81C960A588A3}.AppStore|iPhone.ActiveCfg = Release|Any CPU
		{660580B4-90A6-46B9-A803-81C960A588A3}.AppStore|iPhone.Build.0 = Release|Any CPU
		{660580B4-90A6-46B9-A803-81C960A588A3}.AppStore|iPhoneSimulator.ActiveCfg = Release|Any CPU
		{660580B4-90A6-46B9-A803-81C960A588A3}.AppStore|iPhoneSimulator.Build.0 = Release|Any CPU
		{660580B4-90A6-46B9-A803-81C960A588A3}.Debug|Any CPU.ActiveCfg = Debug|Any CPU
		{660580B4-90A6-46B9-A803-81C960A588A3}.Debug|Any CPU.Build.0 = Debug|Any CPU
		{660580B4-90A6-46B9-A803-81C960A588A3}.Debug|iPhone.ActiveCfg = Debug|Any CPU
		{660580B4-90A6-46B9-A803-81C960A588A3}.Debug|iPhone.Build.0 = Debug|Any CPU
		{660580B4-90A6-46B9-A803-81C960A588A3}.Debug|iPhoneSimulator.ActiveCfg = Debug|Any CPU
		{660580B4-90A6-46B9-A803-81C960A588A3}.Debug|iPhoneSimulator.Build.0 = Debug|Any CPU
		{660580B4-90A6-46B9-A803-81C960A588A3}.Release|Any CPU.ActiveCfg = Release|Any CPU
		{660580B4-90A6-46B9-A803-81C960A588A3}.Release|Any CPU.Build.0 = Release|Any CPU
		{660580B4-90A6-46B9-A803-81C960A588A3}.Release|iPhone.ActiveCfg = Release|Any CPU
		{660580B4-90A6-46B9-A803-81C960A588A3}.Release|iPhone.Build.0 = Release|Any CPU
		{660580B4-90A6-46B9-A803-81C960A588A3}.Release|iPhoneSimulator.ActiveCfg = Release|Any CPU
		{660580B4-90A6-46B9-A803-81C960A588A3}.Release|iPhoneSimulator.Build.0 = Release|Any CPU
		{4BA2DC31-97B4-4DD7-841D-D75A76B77749}.Ad-Hoc|Any CPU.ActiveCfg = Release|Any CPU
		{4BA2DC31-97B4-4DD7-841D-D75A76B77749}.Ad-Hoc|Any CPU.Build.0 = Release|Any CPU
		{4BA2DC31-97B4-4DD7-841D-D75A76B77749}.Ad-Hoc|iPhone.ActiveCfg = Release|Any CPU
		{4BA2DC31-97B4-4DD7-841D-D75A76B77749}.Ad-Hoc|iPhone.Build.0 = Release|Any CPU
		{4BA2DC31-97B4-4DD7-841D-D75A76B77749}.Ad-Hoc|iPhoneSimulator.ActiveCfg = Release|Any CPU
		{4BA2DC31-97B4-4DD7-841D-D75A76B77749}.Ad-Hoc|iPhoneSimulator.Build.0 = Release|Any CPU
		{4BA2DC31-97B4-4DD7-841D-D75A76B77749}.AppStore|Any CPU.ActiveCfg = Release|Any CPU
		{4BA2DC31-97B4-4DD7-841D-D75A76B77749}.AppStore|Any CPU.Build.0 = Release|Any CPU
		{4BA2DC31-97B4-4DD7-841D-D75A76B77749}.AppStore|iPhone.ActiveCfg = Release|Any CPU
		{4BA2DC31-97B4-4DD7-841D-D75A76B77749}.AppStore|iPhone.Build.0 = Release|Any CPU
		{4BA2DC31-97B4-4DD7-841D-D75A76B77749}.AppStore|iPhoneSimulator.ActiveCfg = Release|Any CPU
		{4BA2DC31-97B4-4DD7-841D-D75A76B77749}.AppStore|iPhoneSimulator.Build.0 = Release|Any CPU
		{4BA2DC31-97B4-4DD7-841D-D75A76B77749}.Debug|Any CPU.ActiveCfg = Debug|Any CPU
		{4BA2DC31-97B4-4DD7-841D-D75A76B77749}.Debug|Any CPU.Build.0 = Debug|Any CPU
		{4BA2DC31-97B4-4DD7-841D-D75A76B77749}.Debug|iPhone.ActiveCfg = Debug|Any CPU
		{4BA2DC31-97B4-4DD7-841D-D75A76B77749}.Debug|iPhone.Build.0 = Debug|Any CPU
		{4BA2DC31-97B4-4DD7-841D-D75A76B77749}.Debug|iPhoneSimulator.ActiveCfg = Debug|Any CPU
		{4BA2DC31-97B4-4DD7-841D-D75A76B77749}.Debug|iPhoneSimulator.Build.0 = Debug|Any CPU
		{4BA2DC31-97B4-4DD7-841D-D75A76B77749}.Release|Any CPU.ActiveCfg = Release|Any CPU
		{4BA2DC31-97B4-4DD7-841D-D75A76B77749}.Release|Any CPU.Build.0 = Release|Any CPU
		{4BA2DC31-97B4-4DD7-841D-D75A76B77749}.Release|iPhone.ActiveCfg = Release|Any CPU
		{4BA2DC31-97B4-4DD7-841D-D75A76B77749}.Release|iPhone.Build.0 = Release|Any CPU
		{4BA2DC31-97B4-4DD7-841D-D75A76B77749}.Release|iPhoneSimulator.ActiveCfg = Release|Any CPU
		{4BA2DC31-97B4-4DD7-841D-D75A76B77749}.Release|iPhoneSimulator.Build.0 = Release|Any CPU
	EndGlobalSection
	GlobalSection(SolutionProperties) = preSolution
		HideSolutionNode = FALSE
	EndGlobalSection
	GlobalSection(ExtensibilityGlobals) = postSolution
		SolutionGuid = {52B8FF59-F68B-424E-A344-5BE9DC14D6A9}
	EndGlobalSection
EndGlobal
